
Microsoft Visual Studio Solution File, Format Version 12.00
# Visual Studio Version 17
VisualStudioVersion = 17.11.35312.102
MinimumVisualStudioVersion = 10.0.40219.1
Project("{FAE04EC0-301F-11D3-BF4B-00C04F79EFBC}") = "StackExchangeRedisCache.Contrib", "StackExchangeRedisCache.Contrib\StackExchangeRedisCache.Contrib.csproj", "{29F26BD8-3C85-46BA-AE16-3F0E9DFFB5A6}"
EndProject
Project("{FAE04EC0-301F-11D3-BF4B-00C04F79EFBC}") = "StackExchangeRedisCache.Contrib.Tests", "StackExchangeRedisCache.Contrib.Tests\StackExchangeRedisCache.Contrib.Tests.csproj", "{7B1DB684-473E-4433-AF51-08A13BC6618B}"
EndProject
Global
	GlobalSection(SolutionConfigurationPlatforms) = preSolution
		Debug|Any CPU = Debug|Any CPU
		Release|Any CPU = Release|Any CPU
	EndGlobalSection
	GlobalSection(ProjectConfigurationPlatforms) = postSolution
		{29F26BD8-3C85-46BA-AE16-3F0E9DFFB5A6}.Debug|Any CPU.ActiveCfg = Debug|Any CPU
		{29F26BD8-3C85-46BA-AE16-3F0E9DFFB5A6}.Debug|Any CPU.Build.0 = Debug|Any CPU
		{29F26BD8-3C85-46BA-AE16-3F0E9DFFB5A6}.Release|Any CPU.ActiveCfg = Release|Any CPU
		{29F26BD8-3C85-46BA-AE16-3F0E9DFFB5A6}.Release|Any CPU.Build.0 = Release|Any CPU
		{7B1DB684-473E-4433-AF51-08A13BC6618B}.Debug|Any CPU.ActiveCfg = Debug|Any CPU
		{7B1DB684-473E-4433-AF51-08A13BC6618B}.Debug|Any CPU.Build.0 = Debug|Any CPU
		{7B1DB684-473E-4433-AF51-08A13BC6618B}.Release|Any CPU.ActiveCfg = Release|Any CPU
		{7B1DB684-473E-4433-AF51-08A13BC6618B}.Release|Any CPU.Build.0 = Release|Any CPU
	EndGlobalSection
	GlobalSection(SolutionProperties) = preSolution
		HideSolutionNode = FALSE
	EndGlobalSection
	GlobalSection(ExtensibilityGlobals) = postSolution
		SolutionGuid = {646F5E6F-43A4-41D8-85AB-F609EEB681C2}
	EndGlobalSection
EndGlobal
